// !$*UTF8*$!
{
	archiveVersion = 1;
	classes = {
	};
	objectVersion = 50;
	objects = {

/* Begin PBXBuildFile section */
		AF711AA521DFAD6C005CA4FA /* AppDelegate.swift in Sources */ = {isa = PBXBuildFile; fileRef = AF711AA421DFAD6C005CA4FA /* AppDelegate.swift */; };
		AF711AA721DFAD6C005CA4FA /* ViewController.swift in Sources */ = {isa = PBXBuildFile; fileRef = AF711AA621DFAD6C005CA4FA /* ViewController.swift */; };
		AF711AAA21DFAD6C005CA4FA /* Main.storyboard in Resources */ = {isa = PBXBuildFile; fileRef = AF711AA821DFAD6C005CA4FA /* Main.storyboard */; };
		AF711AAC21DFAD6E005CA4FA /* Assets.xcassets in Resources */ = {isa = PBXBuildFile; fileRef = AF711AAB21DFAD6E005CA4FA /* Assets.xcassets */; };
		AF711AAF21DFAD6E005CA4FA /* LaunchScreen.storyboard in Resources */ = {isa = PBXBuildFile; fileRef = AF711AAD21DFAD6E005CA4FA /* LaunchScreen.storyboard */; };
		AF711ABA21DFAD6E005CA4FA /* SimpleWebRTCTests.swift in Sources */ = {isa = PBXBuildFile; fileRef = AF711AB921DFAD6E005CA4FA /* SimpleWebRTCTests.swift */; };
		AF711AC521DFAD6E005CA4FA /* SimpleWebRTCUITests.swift in Sources */ = {isa = PBXBuildFile; fileRef = AF711AC421DFAD6E005CA4FA /* SimpleWebRTCUITests.swift */; };
/* End PBXBuildFile section */

/* Begin PBXContainerItemProxy section */
		AF711AB621DFAD6E005CA4FA /* PBXContainerItemProxy */ = {
			isa = PBXContainerItemProxy;
			containerPortal = AF711A9921DFAD6C005CA4FA /* Project object */;
			proxyType = 1;
			remoteGlobalIDString = AF711AA021DFAD6C005CA4FA;
			remoteInfo = SimpleWebRTC;
		};
		AF711AC121DFAD6E005CA4FA /* PBXContainerItemProxy */ = {
			isa = PBXContainerItemProxy;
			containerPortal = AF711A9921DFAD6C005CA4FA /* Project object */;
			proxyType = 1;
			remoteGlobalIDString = AF711AA021DFAD6C005CA4FA;
			remoteInfo = SimpleWebRTC;
		};
/* End PBXContainerItemProxy section */

/* Begin PBXFileReference section */
		AF711AA121DFAD6C005CA4FA /* SimpleWebRTC.app */ = {isa = PBXFileReference; explicitFileType = wrapper.application; includeInIndex = 0; path = SimpleWebRTC.app; sourceTree = BUILT_PRODUCTS_DIR; };
		AF711AA421DFAD6C005CA4FA /* AppDelegate.swift */ = {isa = PBXFileReference; lastKnownFileType = sourcecode.swift; path = AppDelegate.swift; sourceTree = "<group>"; };
		AF711AA621DFAD6C005CA4FA /* ViewController.swift */ = {isa = PBXFileReference; lastKnownFileType = sourcecode.swift; path = ViewController.swift; sourceTree = "<group>"; };
		AF711AA921DFAD6C005CA4FA /* Base */ = {isa = PBXFileReference; lastKnownFileType = file.storyboard; name = Base; path = Base.lproj/Main.storyboard; sourceTree = "<group>"; };
		AF711AAB21DFAD6E005CA4FA /* Assets.xcassets */ = {isa = PBXFileReference; lastKnownFileType = folder.assetcatalog; path = Assets.xcassets; sourceTree = "<group>"; };
		AF711AAE21DFAD6E005CA4FA /* Base */ = {isa = PBXFileReference; lastKnownFileType = file.storyboard; name = Base; path = Base.lproj/LaunchScreen.storyboard; sourceTree = "<group>"; };
		AF711AB021DFAD6E005CA4FA /* Info.plist */ = {isa = PBXFileReference; lastKnownFileType = text.plist.xml; path = Info.plist; sourceTree = "<group>"; };
		AF711AB521DFAD6E005CA4FA /* SimpleWebRTCTests.xctest */ = {isa = PBXFileReference; explicitFileType = wrapper.cfbundle; includeInIndex = 0; path = SimpleWebRTCTests.xctest; sourceTree = BUILT_PRODUCTS_DIR; };
		AF711AB921DFAD6E005CA4FA /* SimpleWebRTCTests.swift */ = {isa = PBXFileReference; lastKnownFileType = sourcecode.swift; path = SimpleWebRTCTests.swift; sourceTree = "<group>"; };
		AF711ABB21DFAD6E005CA4FA /* Info.plist */ = {isa = PBXFileReference; lastKnownFileType = text.plist.xml; path = Info.plist; sourceTree = "<group>"; };
		AF711AC021DFAD6E005CA4FA /* SimpleWebRTCUITests.xctest */ = {isa = PBXFileReference; explicitFileType = wrapper.cfbundle; includeInIndex = 0; path = SimpleWebRTCUITests.xctest; sourceTree = BUILT_PRODUCTS_DIR; };
		AF711AC421DFAD6E005CA4FA /* SimpleWebRTCUITests.swift */ = {isa = PBXFileReference; lastKnownFileType = sourcecode.swift; path = SimpleWebRTCUITests.swift; sourceTree = "<group>"; };
		AF711AC621DFAD6E005CA4FA /* Info.plist */ = {isa = PBXFileReference; lastKnownFileType = text.plist.xml; path = Info.plist; sourceTree = "<group>"; };
/* End PBXFileReference section */

/* Begin PBXFrameworksBuildPhase section */
		AF711A9E21DFAD6C005CA4FA /* Frameworks */ = {
			isa = PBXFrameworksBuildPhase;
			buildActionMask = 2147483647;
			files = (
			);
			runOnlyForDeploymentPostprocessing = 0;
		};
		AF711AB221DFAD6E005CA4FA /* Frameworks */ = {
			isa = PBXFrameworksBuildPhase;
			buildActionMask = 2147483647;
			files = (
			);
			runOnlyForDeploymentPostprocessing = 0;
		};
		AF711ABD21DFAD6E005CA4FA /* Frameworks */ = {
			isa = PBXFrameworksBuildPhase;
			buildActionMask = 2147483647;
			files = (
			);
			runOnlyForDeploymentPostprocessing = 0;
		};
/* End PBXFrameworksBuildPhase section */

/* Begin PBXGroup section */
		AF711A9821DFAD6C005CA4FA = {
			isa = PBXGroup;
			children = (
				AF711AA321DFAD6C005CA4FA /* SimpleWebRTC */,
				AF711AB821DFAD6E005CA4FA /* SimpleWebRTCTests */,
				AF711AC321DFAD6E005CA4FA /* SimpleWebRTCUITests */,
				AF711AA221DFAD6C005CA4FA /* Products */,
			);
			sourceTree = "<group>";
		};
		AF711AA221DFAD6C005CA4FA /* Products */ = {
			isa = PBXGroup;
			children = (
				AF711AA121DFAD6C005CA4FA /* SimpleWebRTC.app */,
				AF711AB521DFAD6E005CA4FA /* SimpleWebRTCTests.xctest */,
				AF711AC021DFAD6E005CA4FA /* SimpleWebRTCUITests.xctest */,
			);
			name = Products;
			sourceTree = "<group>";
		};
		AF711AA321DFAD6C005CA4FA /* SimpleWebRTC */ = {
			isa = PBXGroup;
			children = (
				AF711AA421DFAD6C005CA4FA /* AppDelegate.swift */,
				AF711AA621DFAD6C005CA4FA /* ViewController.swift */,
				AF711AA821DFAD6C005CA4FA /* Main.storyboard */,
				AF711AAB21DFAD6E005CA4FA /* Assets.xcassets */,
				AF711AAD21DFAD6E005CA4FA /* LaunchScreen.storyboard */,
				AF711AB021DFAD6E005CA4FA /* Info.plist */,
			);
			path = SimpleWebRTC;
			sourceTree = "<group>";
		};
		AF711AB821DFAD6E005CA4FA /* SimpleWebRTCTests */ = {
			isa = PBXGroup;
			children = (
				AF711AB921DFAD6E005CA4FA /* SimpleWebRTCTests.swift */,
				AF711ABB21DFAD6E005CA4FA /* Info.plist */,
			);
			path = SimpleWebRTCTests;
			sourceTree = "<group>";
		};
		AF711AC321DFAD6E005CA4FA /* SimpleWebRTCUITests */ = {
			isa = PBXGroup;
			children = (
				AF711AC421DFAD6E005CA4FA /* SimpleWebRTCUITests.swift */,
				AF711AC621DFAD6E005CA4FA /* Info.plist */,
			);
			path = SimpleWebRTCUITests;
			sourceTree = "<group>";
		};
/* End PBXGroup section */

/* Begin PBXNativeTarget section */
		AF711AA021DFAD6C005CA4FA /* SimpleWebRTC */ = {
			isa = PBXNativeTarget;
			buildConfigurationList = AF711AC921DFAD6E005CA4FA /* Build configuration list for PBXNativeTarget "SimpleWebRTC" */;
			buildPhases = (
				AF711A9D21DFAD6C005CA4FA /* Sources */,
				AF711A9E21DFAD6C005CA4FA /* Frameworks */,
				AF711A9F21DFAD6C005CA4FA /* Resources */,
			);
			buildRules = (
			);
			dependencies = (
			);
			name = SimpleWebRTC;
			productName = SimpleWebRTC;
			productReference = AF711AA121DFAD6C005CA4FA /* SimpleWebRTC.app */;
			productType = "com.apple.product-type.application";
		};
		AF711AB421DFAD6E005CA4FA /* SimpleWebRTCTests */ = {
			isa = PBXNativeTarget;
			buildConfigurationList = AF711ACC21DFAD6E005CA4FA /* Build configuration list for PBXNativeTarget "SimpleWebRTCTests" */;
			buildPhases = (
				AF711AB121DFAD6E005CA4FA /* Sources */,
				AF711AB221DFAD6E005CA4FA /* Frameworks */,
				AF711AB321DFAD6E005CA4FA /* Resources */,
			);
			buildRules = (
			);
			dependencies = (
				AF711AB721DFAD6E005CA4FA /* PBXTargetDependency */,
			);
			name = SimpleWebRTCTests;
			productName = SimpleWebRTCTests;
			productReference = AF711AB521DFAD6E005CA4FA /* SimpleWebRTCTests.xctest */;
			productType = "com.apple.product-type.bundle.unit-test";
		};
		AF711ABF21DFAD6E005CA4FA /* SimpleWebRTCUITests */ = {
			isa = PBXNativeTarget;
			buildConfigurationList = AF711ACF21DFAD6E005CA4FA /* Build configuration list for PBXNativeTarget "SimpleWebRTCUITests" */;
			buildPhases = (
				AF711ABC21DFAD6E005CA4FA /* Sources */,
				AF711ABD21DFAD6E005CA4FA /* Frameworks */,
				AF711ABE21DFAD6E005CA4FA /* Resources */,
			);
			buildRules = (
			);
			dependencies = (
				AF711AC221DFAD6E005CA4FA /* PBXTargetDependency */,
			);
			name = SimpleWebRTCUITests;
			productName = SimpleWebRTCUITests;
			productReference = AF711AC021DFAD6E005CA4FA /* SimpleWebRTCUITests.xctest */;
			productType = "com.apple.product-type.bundle.ui-testing";
		};
/* End PBXNativeTarget section */

/* Begin PBXProject section */
		AF711A9921DFAD6C005CA4FA /* Project object */ = {
			isa = PBXProject;
			attributes = {
				LastSwiftUpdateCheck = 0930;
				LastUpgradeCheck = 0930;
				ORGANIZATIONNAME = tkmngch;
				TargetAttributes = {
					AF711AA021DFAD6C005CA4FA = {
						CreatedOnToolsVersion = 9.3.1;
					};
					AF711AB421DFAD6E005CA4FA = {
						CreatedOnToolsVersion = 9.3.1;
						TestTargetID = AF711AA021DFAD6C005CA4FA;
					};
					AF711ABF21DFAD6E005CA4FA = {
						CreatedOnToolsVersion = 9.3.1;
						TestTargetID = AF711AA021DFAD6C005CA4FA;
					};
				};
			};
			buildConfigurationList = AF711A9C21DFAD6C005CA4FA /* Build configuration list for PBXProject "SimpleWebRTC" */;
			compatibilityVersion = "Xcode 9.3";
			developmentRegion = en;
			hasScannedForEncodings = 0;
			knownRegions = (
				en,
				Base,
			);
			mainGroup = AF711A9821DFAD6C005CA4FA;
			productRefGroup = AF711AA221DFAD6C005CA4FA /* Products */;
			projectDirPath = "";
			projectRoot = "";
			targets = (
				AF711AA021DFAD6C005CA4FA /* SimpleWebRTC */,
				AF711AB421DFAD6E005CA4FA /* SimpleWebRTCTests */,
				AF711ABF21DFAD6E005CA4FA /* SimpleWebRTCUITests */,
			);
		};
/* End PBXProject section */

/* Begin PBXResourcesBuildPhase section */
		AF711A9F21DFAD6C005CA4FA /* Resources */ = {
			isa = PBXResourcesBuildPhase;
			buildActionMask = 2147483647;
			files = (
				AF711AAF21DFAD6E005CA4FA /* LaunchScreen.storyboard in Resources */,
				AF711AAC21DFAD6E005CA4FA /* Assets.xcassets in Resources */,
				AF711AAA21DFAD6C005CA4FA /* Main.storyboard in Resources */,
			);
			runOnlyForDeploymentPostprocessing = 0;
		};
		AF711AB321DFAD6E005CA4FA /* Resources */ = {
			isa = PBXResourcesBuildPhase;
			buildActionMask = 2147483647;
			files = (
			);
			runOnlyForDeploymentPostprocessing = 0;
		};
		AF711ABE21DFAD6E005CA4FA /* Resources */ = {
			isa = PBXResourcesBuildPhase;
			buildActionMask = 2147483647;
			files = (
			);
			runOnlyForDeploymentPostprocessing = 0;
		};
/* End PBXResourcesBuildPhase section */

/* Begin PBXSourcesBuildPhase section */
		AF711A9D21DFAD6C005CA4FA /* Sources */ = {
			isa = PBXSourcesBuildPhase;
			buildActionMask = 2147483647;
			files = (
				AF711AA721DFAD6C005CA4FA /* ViewController.swift in Sources */,
				AF711AA521DFAD6C005CA4FA /* AppDelegate.swift in Sources */,
			);
			runOnlyForDeploymentPostprocessing = 0;
		};
		AF711AB121DFAD6E005CA4FA /* Sources */ = {
			isa = PBXSourcesBuildPhase;
			buildActionMask = 2147483647;
			files = (
				AF711ABA21DFAD6E005CA4FA /* SimpleWebRTCTests.swift in Sources */,
			);
			runOnlyForDeploymentPostprocessing = 0;
		};
		AF711ABC21DFAD6E005CA4FA /* Sources */ = {
			isa = PBXSourcesBuildPhase;
			buildActionMask = 2147483647;
			files = (
				AF711AC521DFAD6E005CA4FA /* SimpleWebRTCUITests.swift in Sources */,
			);
			runOnlyForDeploymentPostprocessing = 0;
		};
/* End PBXSourcesBuildPhase section */

/* Begin PBXTargetDependency section */
		AF711AB721DFAD6E005CA4FA /* PBXTargetDependency */ = {
			isa = PBXTargetDependency;
			target = AF711AA021DFAD6C005CA4FA /* SimpleWebRTC */;
			targetProxy = AF711AB621DFAD6E005CA4FA /* PBXContainerItemProxy */;
		};
		AF711AC221DFAD6E005CA4FA /* PBXTargetDependency */ = {
			isa = PBXTargetDependency;
			target = AF711AA021DFAD6C005CA4FA /* SimpleWebRTC */;
			targetProxy = AF711AC121DFAD6E005CA4FA /* PBXContainerItemProxy */;
		};
/* End PBXTargetDependency section */

/* Begin PBXVariantGroup section */
		AF711AA821DFAD6C005CA4FA /* Main.storyboard */ = {
			isa = PBXVariantGroup;
			children = (
				AF711AA921DFAD6C005CA4FA /* Base */,
			);
			name = Main.storyboard;
			sourceTree = "<group>";
		};
		AF711AAD21DFAD6E005CA4FA /* LaunchScreen.storyboard */ = {
			isa = PBXVariantGroup;
			children = (
				AF711AAE21DFAD6E005CA4FA /* Base */,
			);
			name = LaunchScreen.storyboard;
			sourceTree = "<group>";
		};
/* End PBXVariantGroup section */

/* Begin XCBuildConfiguration section */
		AF711AC721DFAD6E005CA4FA /* Debug */ = {
			isa = XCBuildConfiguration;
			buildSettings = {
				ALWAYS_SEARCH_USER_PATHS = NO;
				CLANG_ANALYZER_NONNULL = YES;
				CLANG_ANALYZER_NUMBER_OBJECT_CONVERSION = YES_AGGRESSIVE;
				CLANG_CXX_LANGUAGE_STANDARD = "gnu++14";
				CLANG_CXX_LIBRARY = "libc++";
				CLANG_ENABLE_MODULES = YES;
				CLANG_ENABLE_OBJC_ARC = YES;
				CLANG_ENABLE_OBJC_WEAK = YES;
				CLANG_WARN_BLOCK_CAPTURE_AUTORELEASING = YES;
				CLANG_WARN_BOOL_CONVERSION = YES;
				CLANG_WARN_COMMA = YES;
				CLANG_WARN_CONSTANT_CONVERSION = YES;
				CLANG_WARN_DEPRECATED_OBJC_IMPLEMENTATIONS = YES;
				CLANG_WARN_DIRECT_OBJC_ISA_USAGE = YES_ERROR;
				CLANG_WARN_DOCUMENTATION_COMMENTS = YES;
				CLANG_WARN_EMPTY_BODY = YES;
				CLANG_WARN_ENUM_CONVERSION = YES;
				CLANG_WARN_INFINITE_RECURSION = YES;
				CLANG_WARN_INT_CONVERSION = YES;
				CLANG_WARN_NON_LITERAL_NULL_CONVERSION = YES;
				CLANG_WARN_OBJC_IMPLICIT_RETAIN_SELF = YES;
				CLANG_WARN_OBJC_LITERAL_CONVERSION = YES;
				CLANG_WARN_OBJC_ROOT_CLASS = YES_ERROR;
				CLANG_WARN_RANGE_LOOP_ANALYSIS = YES;
				CLANG_WARN_STRICT_PROTOTYPES = YES;
				CLANG_WARN_SUSPICIOUS_MOVE = YES;
				CLANG_WARN_UNGUARDED_AVAILABILITY = YES_AGGRESSIVE;
				CLANG_WARN_UNREACHABLE_CODE = YES;
				CLANG_WARN__DUPLICATE_METHOD_MATCH = YES;
				CODE_SIGN_IDENTITY = "iPhone Developer";
				COPY_PHASE_STRIP = NO;
				DEBUG_INFORMATION_FORMAT = dwarf;
				ENABLE_STRICT_OBJC_MSGSEND = YES;
				ENABLE_TESTABILITY = YES;
				GCC_C_LANGUAGE_STANDARD = gnu11;
				GCC_DYNAMIC_NO_PIC = NO;
				GCC_NO_COMMON_BLOCKS = YES;
				GCC_OPTIMIZATION_LEVEL = 0;
				GCC_PREPROCESSOR_DEFINITIONS = (
					"DEBUG=1",
					"$(inherited)",
				);
				GCC_WARN_64_TO_32_BIT_CONVERSION = YES;
				GCC_WARN_ABOUT_RETURN_TYPE = YES_ERROR;
				GCC_WARN_UNDECLARED_SELECTOR = YES;
				GCC_WARN_UNINITIALIZED_AUTOS = YES_AGGRESSIVE;
				GCC_WARN_UNUSED_FUNCTION = YES;
				GCC_WARN_UNUSED_VARIABLE = YES;
				IPHONEOS_DEPLOYMENT_TARGET = 11.3;
				MTL_ENABLE_DEBUG_INFO = YES;
				ONLY_ACTIVE_ARCH = YES;
				SDKROOT = iphoneos;
				SWIFT_ACTIVE_COMPILATION_CONDITIONS = DEBUG;
				SWIFT_OPTIMIZATION_LEVEL = "-Onone";
			};
			name = Debug;
		};
		AF711AC821DFAD6E005CA4FA /* Release */ = {
			isa = XCBuildConfiguration;
			buildSettings = {
				ALWAYS_SEARCH_USER_PATHS = NO;
				CLANG_ANALYZER_NONNULL = YES;
				CLANG_ANALYZER_NUMBER_OBJECT_CONVERSION = YES_AGGRESSIVE;
				CLANG_CXX_LANGUAGE_STANDARD = "gnu++14";
				CLANG_CXX_LIBRARY = "libc++";
				CLANG_ENABLE_MODULES = YES;
				CLANG_ENABLE_OBJC_ARC = YES;
				CLANG_ENABLE_OBJC_WEAK = YES;
				CLANG_WARN_BLOCK_CAPTURE_AUTORELEASING = YES;
				CLANG_WARN_BOOL_CONVERSION = YES;
				CLANG_WARN_COMMA = YES;
				CLANG_WARN_CONSTANT_CONVERSION = YES;
				CLANG_WARN_DEPRECATED_OBJC_IMPLEMENTATIONS = YES;
				CLANG_WARN_DIRECT_OBJC_ISA_USAGE = YES_ERROR;
				CLANG_WARN_DOCUMENTATION_COMMENTS = YES;
				CLANG_WARN_EMPTY_BODY = YES;
				CLANG_WARN_ENUM_CONVERSION = YES;
				CLANG_WARN_INFINITE_RECURSION = YES;
				CLANG_WARN_INT_CONVERSION = YES;
				CLANG_WARN_NON_LITERAL_NULL_CONVERSION = YES;
				CLANG_WARN_OBJC_IMPLICIT_RETAIN_SELF = YES;
				CLANG_WARN_OBJC_LITERAL_CONVERSION = YES;
				CLANG_WARN_OBJC_ROOT_CLASS = YES_ERROR;
				CLANG_WARN_RANGE_LOOP_ANALYSIS = YES;
				CLANG_WARN_STRICT_PROTOTYPES = YES;
				CLANG_WARN_SUSPICIOUS_MOVE = YES;
				CLANG_WARN_UNGUARDED_AVAILABILITY = YES_AGGRESSIVE;
				CLANG_WARN_UNREACHABLE_CODE = YES;
				CLANG_WARN__DUPLICATE_METHOD_MATCH = YES;
				CODE_SIGN_IDENTITY = "iPhone Developer";
				COPY_PHASE_STRIP = NO;
				DEBUG_INFORMATION_FORMAT = "dwarf-with-dsym";
				ENABLE_NS_ASSERTIONS = NO;
				ENABLE_STRICT_OBJC_MSGSEND = YES;
				GCC_C_LANGUAGE_STANDARD = gnu11;
				GCC_NO_COMMON_BLOCKS = YES;
				GCC_WARN_64_TO_32_BIT_CONVERSION = YES;
				GCC_WARN_ABOUT_RETURN_TYPE = YES_ERROR;
				GCC_WARN_UNDECLARED_SELECTOR = YES;
				GCC_WARN_UNINITIALIZED_AUTOS = YES_AGGRESSIVE;
				GCC_WARN_UNUSED_FUNCTION = YES;
				GCC_WARN_UNUSED_VARIABLE = YES;
				IPHONEOS_DEPLOYMENT_TARGET = 11.3;
				MTL_ENABLE_DEBUG_INFO = NO;
				SDKROOT = iphoneos;
				SWIFT_COMPILATION_MODE = wholemodule;
				SWIFT_OPTIMIZATION_LEVEL = "-O";
				VALIDATE_PRODUCT = YES;
			};
			name = Release;
		};
		AF711ACA21DFAD6E005CA4FA /* Debug */ = {
			isa = XCBuildConfiguration;
			buildSettings = {
				ASSETCATALOG_COMPILER_APPICON_NAME = AppIcon;
				CODE_SIGN_STYLE = Automatic;
				DEVELOPMENT_TEAM = 9AD3B5KVMX;
				INFOPLIST_FILE = SimpleWebRTC/Info.plist;
				LD_RUNPATH_SEARCH_PATHS = (
					"$(inherited)",
					"@executable_path/Frameworks",
				);
				PRODUCT_BUNDLE_IDENTIFIER = test.SimpleWebRTC;
				PRODUCT_NAME = "$(TARGET_NAME)";
				SWIFT_VERSION = 4.0;
				TARGETED_DEVICE_FAMILY = "1,2";
			};
			name = Debug;
		};
		AF711ACB21DFAD6E005CA4FA /* Release */ = {
			isa = XCBuildConfiguration;
			buildSettings = {
				ASSETCATALOG_COMPILER_APPICON_NAME = AppIcon;
				CODE_SIGN_STYLE = Automatic;
				DEVELOPMENT_TEAM = 9AD3B5KVMX;
				INFOPLIST_FILE = SimpleWebRTC/Info.plist;
				LD_RUNPATH_SEARCH_PATHS = (
					"$(inherited)",
					"@executable_path/Frameworks",
				);
				PRODUCT_BUNDLE_IDENTIFIER = test.SimpleWebRTC;
				PRODUCT_NAME = "$(TARGET_NAME)";
				SWIFT_VERSION = 4.0;
				TARGETED_DEVICE_FAMILY = "1,2";
			};
			name = Release;
		};
		AF711ACD21DFAD6E005CA4FA /* Debug */ = {
			isa = XCBuildConfiguration;
			buildSettings = {
				ALWAYS_EMBED_SWIFT_STANDARD_LIBRARIES = YES;
				BUNDLE_LOADER = "$(TEST_HOST)";
				CODE_SIGN_STYLE = Automatic;
				DEVELOPMENT_TEAM = 9AD3B5KVMX;
				INFOPLIST_FILE = SimpleWebRTCTests/Info.plist;
				LD_RUNPATH_SEARCH_PATHS = (
					"$(inherited)",
					"@executable_path/Frameworks",
					"@loader_path/Frameworks",
				);
				PRODUCT_BUNDLE_IDENTIFIER = test.SimpleWebRTCTests;
				PRODUCT_NAME = "$(TARGET_NAME)";
				SWIFT_VERSION = 4.0;
				TARGETED_DEVICE_FAMILY = "1,2";
				TEST_HOST = "$(BUILT_PRODUCTS_DIR)/SimpleWebRTC.app/SimpleWebRTC";
			};
			name = Debug;
		};
		AF711ACE21DFAD6E005CA4FA /* Release */ = {
			isa = XCBuildConfiguration;
			buildSettings = {
				ALWAYS_EMBED_SWIFT_STANDARD_LIBRARIES = YES;
				BUNDLE_LOADER = "$(TEST_HOST)";
				CODE_SIGN_STYLE = Automatic;
				DEVELOPMENT_TEAM = 9AD3B5KVMX;
				INFOPLIST_FILE = SimpleWebRTCTests/Info.plist;
				LD_RUNPATH_SEARCH_PATHS = (
					"$(inherited)",
					"@executable_path/Frameworks",
					"@loader_path/Frameworks",
				);
				PRODUCT_BUNDLE_IDENTIFIER = test.SimpleWebRTCTests;
				PRODUCT_NAME = "$(TARGET_NAME)";
				SWIFT_VERSION = 4.0;
				TARGETED_DEVICE_FAMILY = "1,2";
				TEST_HOST = "$(BUILT_PRODUCTS_DIR)/SimpleWebRTC.app/SimpleWebRTC";
			};
			name = Release;
		};
		AF711AD021DFAD6E005CA4FA /* Debug */ = {
			isa = XCBuildConfiguration;
			buildSettings = {
				ALWAYS_EMBED_SWIFT_STANDARD_LIBRARIES = YES;
				CODE_SIGN_STYLE = Automatic;
				DEVELOPMENT_TEAM = 9AD3B5KVMX;
				INFOPLIST_FILE = SimpleWebRTCUITests/Info.plist;
				LD_RUNPATH_SEARCH_PATHS = (
					"$(inherited)",
					"@executable_path/Frameworks",
					"@loader_path/Frameworks",
				);
				PRODUCT_BUNDLE_IDENTIFIER = test.SimpleWebRTCUITests;
				PRODUCT_NAME = "$(TARGET_NAME)";
				SWIFT_VERSION = 4.0;
				TARGETED_DEVICE_FAMILY = "1,2";
				TEST_TARGET_NAME = SimpleWebRTC;
			};
			name = Debug;
		};
		AF711AD121DFAD6E005CA4FA /* Release */ = {
			isa = XCBuildConfiguration;
			buildSettings = {
				ALWAYS_EMBED_SWIFT_STANDARD_LIBRARIES = YES;
				CODE_SIGN_STYLE = Automatic;
				DEVELOPMENT_TEAM = 9AD3B5KVMX;
				INFOPLIST_FILE = SimpleWebRTCUITests/Info.plist;
				LD_RUNPATH_SEARCH_PATHS = (
					"$(inherited)",
					"@executable_path/Frameworks",
					"@loader_path/Frameworks",
				);
				PRODUCT_BUNDLE_IDENTIFIER = test.SimpleWebRTCUITests;
				PRODUCT_NAME = "$(TARGET_NAME)";
				SWIFT_VERSION = 4.0;
				TARGETED_DEVICE_FAMILY = "1,2";
				TEST_TARGET_NAME = SimpleWebRTC;
			};
			name = Release;
		};
/* End XCBuildConfiguration section */

/* Begin XCConfigurationList section */
		AF711A9C21DFAD6C005CA4FA /* Build configuration list for PBXProject "SimpleWebRTC" */ = {
			isa = XCConfigurationList;
			buildConfigurations = (
				AF711AC721DFAD6E005CA4FA /* Debug */,
				AF711AC821DFAD6E005CA4FA /* Release */,
			);
			defaultConfigurationIsVisible = 0;
			defaultConfigurationName = Release;
		};
		AF711AC921DFAD6E005CA4FA /* Build configuration list for PBXNativeTarget "SimpleWebRTC" */ = {
			isa = XCConfigurationList;
			buildConfigurations = (
				AF711ACA21DFAD6E005CA4FA /* Debug */,
				AF711ACB21DFAD6E005CA4FA /* Release */,
			);
			defaultConfigurationIsVisible = 0;
			defaultConfigurationName = Release;
		};
		AF711ACC21DFAD6E005CA4FA /* Build configuration list for PBXNativeTarget "SimpleWebRTCTests" */ = {
			isa = XCConfigurationList;
			buildConfigurations = (
				AF711ACD21DFAD6E005CA4FA /* Debug */,
				AF711ACE21DFAD6E005CA4FA /* Release */,
			);
			defaultConfigurationIsVisible = 0;
			defaultConfigurationName = Release;
		};
		AF711ACF21DFAD6E005CA4FA /* Build configuration list for PBXNativeTarget "SimpleWebRTCUITests" */ = {
			isa = XCConfigurationList;
			buildConfigurations = (
				AF711AD021DFAD6E005CA4FA /* Debug */,
				AF711AD121DFAD6E005CA4FA /* Release */,
			);
			defaultConfigurationIsVisible = 0;
			defaultConfigurationName = Release;
		};
/* End XCConfigurationList section */
	};
	rootObject = AF711A9921DFAD6C005CA4FA /* Project object */;
}
